
Microsoft Visual Studio Solution File, Format Version 12.00
# Visual Studio 14
VisualStudioVersion = 14.0.24720.0
MinimumVisualStudioVersion = 10.0.40219.1
Project("{8BC9CEB8-8B4A-11D0-8D11-00A0C91BC942}") = "Core", "Core\Core.vcxproj", "{5BDE4B4A-B892-48E5-BEE6-8665EBED350B}"
EndProject
Project("{8BC9CEB8-8B4A-11D0-8D11-00A0C91BC942}") = "CoreUnitTest", "CoreUnitTest\CoreUnitTest.vcxproj", "{CE8D4F5F-1460-472F-94BF-C143B96EA139}"
	ProjectSection(ProjectDependencies) = postProject
		{5BDE4B4A-B892-48E5-BEE6-8665EBED350B} = {5BDE4B4A-B892-48E5-BEE6-8665EBED350B}
	EndProjectSection
EndProject
Project("{8BC9CEB8-8B4A-11D0-8D11-00A0C91BC942}") = "Wind", "Wind\Wind.vcxproj", "{858A7B68-2892-45BE-87D4-5BEEFEE65A84}"
EndProject
Project("{8BC9CEB8-8B4A-11D0-8D11-00A0C91BC942}") = "WindUnitTest", "WindUnitTest\WindUnitTest.vcxproj", "{29B4C1F1-62D2-4579-A509-AF4DF9493BB0}"
EndProject
Project("{8BC9CEB8-8B4A-11D0-8D11-00A0C91BC942}") = "ComeDither", "ComeDither\ComeDither.vcxproj", "{8184D3C8-BE2A-4F17-9B27-B477F09AA6CB}"
	ProjectSection(ProjectDependencies) = postProject
		{5BDE4B4A-B892-48E5-BEE6-8665EBED350B} = {5BDE4B4A-B892-48E5-BEE6-8665EBED350B}
		{858A7B68-2892-45BE-87D4-5BEEFEE65A84} = {858A7B68-2892-45BE-87D4-5BEEFEE65A84}
	EndProjectSection
EndProject
Project("{8BC9CEB8-8B4A-11D0-8D11-00A0C91BC942}") = "Clipper", "Clipper\Clipper.vcxproj", "{FC724CE4-E80F-4E64-AC74-F99E2C504243}"
	ProjectSection(ProjectDependencies) = postProject
		{5BDE4B4A-B892-48E5-BEE6-8665EBED350B} = {5BDE4B4A-B892-48E5-BEE6-8665EBED350B}
		{858A7B68-2892-45BE-87D4-5BEEFEE65A84} = {858A7B68-2892-45BE-87D4-5BEEFEE65A84}
	EndProjectSection
EndProject
Project("{8BC9CEB8-8B4A-11D0-8D11-00A0C91BC942}") = "BowlingTest", "BowlingTest\BowlingTest.vcxproj", "{9A35D7E6-E641-44D7-9675-C3988C6CED2E}"
EndProject
Global
	GlobalSection(SolutionConfigurationPlatforms) = preSolution
		Debug|x64 = Debug|x64
		Debug|x86 = Debug|x86
		Release|x64 = Release|x64
		Release|x86 = Release|x86
	EndGlobalSection
	GlobalSection(ProjectConfigurationPlatforms) = postSolution
		{5BDE4B4A-B892-48E5-BEE6-8665EBED350B}.Debug|x64.ActiveCfg = Debug|x64
		{5BDE4B4A-B892-48E5-BEE6-8665EBED350B}.Debug|x64.Build.0 = Debug|x64
		{5BDE4B4A-B892-48E5-BEE6-8665EBED350B}.Debug|x86.ActiveCfg = Debug|Win32
		{5BDE4B4A-B892-48E5-BEE6-8665EBED350B}.Debug|x86.Build.0 = Debug|Win32
		{5BDE4B4A-B892-48E5-BEE6-8665EBED350B}.Release|x64.ActiveCfg = Release|x64
		{5BDE4B4A-B892-48E5-BEE6-8665EBED350B}.Release|x64.Build.0 = Release|x64
		{5BDE4B4A-B892-48E5-BEE6-8665EBED350B}.Release|x86.ActiveCfg = Release|Win32
		{5BDE4B4A-B892-48E5-BEE6-8665EBED350B}.Release|x86.Build.0 = Release|Win32
		{5BDE4B4A-B892-48E5-BEE6-8665EBED350B}.Release|x86.Deploy.0 = Release|Win32
		{CE8D4F5F-1460-472F-94BF-C143B96EA139}.Debug|x64.ActiveCfg = Debug|x64
		{CE8D4F5F-1460-472F-94BF-C143B96EA139}.Debug|x64.Build.0 = Debug|x64
		{CE8D4F5F-1460-472F-94BF-C143B96EA139}.Debug|x86.ActiveCfg = Debug|Win32
		{CE8D4F5F-1460-472F-94BF-C143B96EA139}.Debug|x86.Build.0 = Debug|Win32
		{CE8D4F5F-1460-472F-94BF-C143B96EA139}.Release|x64.ActiveCfg = Release|x64
		{CE8D4F5F-1460-472F-94BF-C143B96EA139}.Release|x64.Build.0 = Release|x64
		{CE8D4F5F-1460-472F-94BF-C143B96EA139}.Release|x86.ActiveCfg = Release|Win32
		{CE8D4F5F-1460-472F-94BF-C143B96EA139}.Release|x86.Build.0 = Release|Win32
		{CE8D4F5F-1460-472F-94BF-C143B96EA139}.Release|x86.Deploy.0 = Release|Win32
		{858A7B68-2892-45BE-87D4-5BEEFEE65A84}.Debug|x64.ActiveCfg = Debug|x64
		{858A7B68-2892-45BE-87D4-5BEEFEE65A84}.Debug|x64.Build.0 = Debug|x64
		{858A7B68-2892-45BE-87D4-5BEEFEE65A84}.Debug|x86.ActiveCfg = Debug|Win32
		{858A7B68-2892-45BE-87D4-5BEEFEE65A84}.Debug|x86.Build.0 = Debug|Win32
		{858A7B68-2892-45BE-87D4-5BEEFEE65A84}.Release|x64.ActiveCfg = Release|x64
		{858A7B68-2892-45BE-87D4-5BEEFEE65A84}.Release|x64.Build.0 = Release|x64
		{858A7B68-2892-45BE-87D4-5BEEFEE65A84}.Release|x86.ActiveCfg = Release|Win32
		{858A7B68-2892-45BE-87D4-5BEEFEE65A84}.Release|x86.Build.0 = Release|Win32
		{29B4C1F1-62D2-4579-A509-AF4DF9493BB0}.Debug|x64.ActiveCfg = Debug|x64
		{29B4C1F1-62D2-4579-A509-AF4DF9493BB0}.Debug|x64.Build.0 = Debug|x64
		{29B4C1F1-62D2-4579-A509-AF4DF9493BB0}.Debug|x86.ActiveCfg = Debug|Win32
		{29B4C1F1-62D2-4579-A509-AF4DF9493BB0}.Debug|x86.Build.0 = Debug|Win32
		{29B4C1F1-62D2-4579-A509-AF4DF9493BB0}.Release|x64.ActiveCfg = Release|x64
		{29B4C1F1-62D2-4579-A509-AF4DF9493BB0}.Release|x64.Build.0 = Release|x64
		{29B4C1F1-62D2-4579-A509-AF4DF9493BB0}.Release|x86.ActiveCfg = Release|Win32
		{29B4C1F1-62D2-4579-A509-AF4DF9493BB0}.Release|x86.Build.0 = Release|Win32
		{8184D3C8-BE2A-4F17-9B27-B477F09AA6CB}.Debug|x64.ActiveCfg = Debug|x64
		{8184D3C8-BE2A-4F17-9B27-B477F09AA6CB}.Debug|x64.Build.0 = Debug|x64
		{8184D3C8-BE2A-4F17-9B27-B477F09AA6CB}.Debug|x86.ActiveCfg = Debug|Win32
		{8184D3C8-BE2A-4F17-9B27-B477F09AA6CB}.Debug|x86.Build.0 = Debug|Win32
		{8184D3C8-BE2A-4F17-9B27-B477F09AA6CB}.Release|x64.ActiveCfg = Release|x64
		{8184D3C8-BE2A-4F17-9B27-B477F09AA6CB}.Release|x64.Build.0 = Release|x64
		{8184D3C8-BE2A-4F17-9B27-B477F09AA6CB}.Release|x86.ActiveCfg = Release|Win32
		{8184D3C8-BE2A-4F17-9B27-B477F09AA6CB}.Release|x86.Build.0 = Release|Win32
		{FC724CE4-E80F-4E64-AC74-F99E2C504243}.Debug|x64.ActiveCfg = Debug|x64
		{FC724CE4-E80F-4E64-AC74-F99E2C504243}.Debug|x64.Build.0 = Debug|x64
		{FC724CE4-E80F-4E64-AC74-F99E2C504243}.Debug|x86.ActiveCfg = Debug|Win32
		{FC724CE4-E80F-4E64-AC74-F99E2C504243}.Debug|x86.Build.0 = Debug|Win32
		{FC724CE4-E80F-4E64-AC74-F99E2C504243}.Release|x64.ActiveCfg = Release|x64
		{FC724CE4-E80F-4E64-AC74-F99E2C504243}.Release|x64.Build.0 = Release|x64
		{FC724CE4-E80F-4E64-AC74-F99E2C504243}.Release|x86.ActiveCfg = Release|Win32
		{FC724CE4-E80F-4E64-AC74-F99E2C504243}.Release|x86.Build.0 = Release|Win32
		{9A35D7E6-E641-44D7-9675-C3988C6CED2E}.Debug|x64.ActiveCfg = Debug|x64
		{9A35D7E6-E641-44D7-9675-C3988C6CED2E}.Debug|x64.Build.0 = Debug|x64
		{9A35D7E6-E641-44D7-9675-C3988C6CED2E}.Debug|x86.ActiveCfg = Debug|Win32
		{9A35D7E6-E641-44D7-9675-C3988C6CED2E}.Debug|x86.Build.0 = Debug|Win32
		{9A35D7E6-E641-44D7-9675-C3988C6CED2E}.Release|x64.ActiveCfg = Release|x64
		{9A35D7E6-E641-44D7-9675-C3988C6CED2E}.Release|x64.Build.0 = Release|x64
		{9A35D7E6-E641-44D7-9675-C3988C6CED2E}.Release|x86.ActiveCfg = Release|Win32
		{9A35D7E6-E641-44D7-9675-C3988C6CED2E}.Release|x86.Build.0 = Release|Win32
	EndGlobalSection
	GlobalSection(SolutionProperties) = preSolution
		HideSolutionNode = FALSE
	EndGlobalSection
EndGlobal
