<?xml version="1.0" encoding="utf-8"?>
<Project ToolsVersion="4.0" xmlns="http://schemas.microsoft.com/developer/msbuild/2003">
  <ItemGroup>
    <ClInclude Include="CorePCH.h" />
    <ClInclude Include="CCore\Array.h">
      <Filter>CCore</Filter>
    </ClInclude>
    <ClInclude Include="CCore\Assert.h">
      <Filter>CCore</Filter>
    </ClInclude>
    <ClInclude Include="CCore\Memory.h">
      <Filter>CCore</Filter>
    </ClInclude>
    <ClInclude Include="CReflect\Streams.h">
      <Filter>CCore</Filter>
    </ClInclude>
    <ClInclude Include="CCore\String.h">
      <Filter>CCore</Filter>
    </ClInclude>
    <ClInclude Include="CCore\Types.h">
      <Filter>CCore</Filter>
    </ClInclude>
    <ClInclude Include="CHash\MurmurHash3.h">
      <Filter>CHash</Filter>
    </ClInclude>
    <ClInclude Include="CUtils\EnumMask.h">
      <Filter>CUtils</Filter>
    </ClInclude>
    <ClInclude Include="CUtils\Trace.h">
      <Filter>CUtils</Filter>
    </ClInclude>
    <ClInclude Include="CFile\File.h">
      <Filter>CFile</Filter>
    </ClInclude>
    <ClInclude Include="CReflection\Reflection.h">
      <Filter>CReflection</Filter>
    </ClInclude>
    <ClInclude Include="CUtils\StringUtils.h">
      <Filter>CUtils</Filter>
    </ClInclude>
    <ClInclude Include="CReflection\Serializing.h">
      <Filter>CReflection</Filter>
    </ClInclude>
    <ClInclude Include="CReflection\TypedPointer.h">
      <Filter>CReflection</Filter>
    </ClInclude>
    <ClInclude Include="CMath\Math.h">
      <Filter>CMath</Filter>
    </ClInclude>
    <ClInclude Include="CReflection\TypeDecl.h">
      <Filter>CReflection</Filter>
    </ClInclude>
    <ClInclude Include="CReflection\ObjectWriter.h">
      <Filter>CReflection</Filter>
    </ClInclude>
    <ClInclude Include="CGeo\Quad.h">
      <Filter>CGeo</Filter>
    </ClInclude>
    <ClInclude Include="CUtils\Color.h">
      <Filter>CUtils</Filter>
    </ClInclude>
    <ClInclude Include="CReflection\Tokenizer.h">
      <Filter>CReflection</Filter>
    </ClInclude>
    <ClInclude Include="CReflection\ObjectReader.h">
      <Filter>CReflection</Filter>
    </ClInclude>
  </ItemGroup>
  <ItemGroup>
    <ClCompile Include="CorePCH.cpp" />
    <ClCompile Include="CHash\MurmurHash3.cpp">
      <Filter>CHash</Filter>
    </ClCompile>
    <ClCompile Include="CFile\File.cpp">
      <Filter>CFile</Filter>
    </ClCompile>
    <ClCompile Include="CReflection\Reflection.cpp">
      <Filter>CReflection</Filter>
    </ClCompile>
    <ClCompile Include="CUtils\StringUtils.cpp">
      <Filter>CUtils</Filter>
    </ClCompile>
    <ClCompile Include="CReflection\Serializing.cpp">
      <Filter>CReflection</Filter>
    </ClCompile>
    <ClCompile Include="CReflection\TypedPointer.cpp">
      <Filter>CReflection</Filter>
    </ClCompile>
    <ClCompile Include="CReflection\TypeDecl.cpp">
      <Filter>CReflection</Filter>
    </ClCompile>
    <ClCompile Include="CReflection\ObjectWriter.cpp">
      <Filter>CReflection</Filter>
    </ClCompile>
    <ClCompile Include="CReflection\Tokenizer.cpp">
      <Filter>CReflection</Filter>
    </ClCompile>
    <ClCompile Include="CReflection\ObjectReader.cpp">
      <Filter>CReflection</Filter>
    </ClCompile>
  </ItemGroup>
  <ItemGroup>
    <Filter Include="CHash">
      <UniqueIdentifier>{dcff8217-dc41-46e1-ad1e-d7a626b4b85e}</UniqueIdentifier>
    </Filter>
    <Filter Include="CCore">
      <UniqueIdentifier>{d00594df-0ace-4bdd-a34a-f4709c3f9006}</UniqueIdentifier>
    </Filter>
    <Filter Include="CUtils">
      <UniqueIdentifier>{8ed9c3bb-5ee9-4dc3-bc8d-386b27b342d8}</UniqueIdentifier>
    </Filter>
    <Filter Include="CFile">
      <UniqueIdentifier>{86c03cb4-90e3-4c60-a105-95af3d317524}</UniqueIdentifier>
    </Filter>
    <Filter Include="CReflection">
      <UniqueIdentifier>{d11f0023-c48e-4448-947f-26b40069b18f}</UniqueIdentifier>
    </Filter>
    <Filter Include="CMath">
      <UniqueIdentifier>{0bb1f2aa-baa8-48e7-834e-102fe6426ad4}</UniqueIdentifier>
    </Filter>
    <Filter Include="CGeo">
      <UniqueIdentifier>{fb985c6c-eef3-49e1-8874-34ef1a00dce7}</UniqueIdentifier>
    </Filter>
  </ItemGroup>
  <ItemGroup>
    <Natvis Include="Core.natvis" />
  </ItemGroup>
</Project>